
Microsoft Visual Studio Solution File, Format Version 12.00
# Visual Studio Version 16
VisualStudioVersion = 16.0.29519.87
MinimumVisualStudioVersion = 10.0.40219.1
Project("{FAE04EC0-301F-11D3-BF4B-00C04F79EFBC}") = "InventoryProject", "InventoryProject\InventoryProject.csproj", "{23DAE03B-BE02-48CD-8EF3-28F17085021C}"
EndProject
Global
	GlobalSection(SolutionConfigurationPlatforms) = preSolution
		Debug|Any CPU = Debug|Any CPU
		Release|Any CPU = Release|Any CPU
	EndGlobalSection
	GlobalSection(ProjectConfigurationPlatforms) = postSolution
		{23DAE03B-BE02-48CD-8EF3-28F17085021C}.Debug|Any CPU.ActiveCfg = Debug|Any CPU
		{23DAE03B-BE02-48CD-8EF3-28F17085021C}.Debug|Any CPU.Build.0 = Debug|Any CPU
		{23DAE03B-BE02-48CD-8EF3-28F17085021C}.Release|Any CPU.ActiveCfg = Release|Any CPU
		{23DAE03B-BE02-48CD-8EF3-28F17085021C}.Release|Any CPU.Build.0 = Release|Any CPU
	EndGlobalSection
	GlobalSection(SolutionProperties) = preSolution
		HideSolutionNode = FALSE
	EndGlobalSection
	GlobalSection(ExtensibilityGlobals) = postSolution
		SolutionGuid = {C094C6AC-8844-477A-A6B6-1B22CA2D56D3}
	EndGlobalSection
EndGlobal
